
Microsoft Visual Studio Solution File, Format Version 12.00
# Visual Studio Version 16
VisualStudioVersion = 16.0.30907.101
MinimumVisualStudioVersion = 10.0.40219.1
Project("{9A19103F-16F7-4668-BE54-9A1E7A4F7556}") = "Polymorphism", "Polymorphism\Polymorphism.csproj", "{C2D111F2-9BC5-4EFC-A4BF-5124DA1F9AEF}"
EndProject
Project("{9A19103F-16F7-4668-BE54-9A1E7A4F7556}") = "Tests", "Tests\Tests.csproj", "{9BB6E445-56A4-42AB-82D8-BE1F59989757}"
EndProject
Project("{9A19103F-16F7-4668-BE54-9A1E7A4F7556}") = "Encapsulation", "Encapsulation\Encapsulation.csproj", "{4B2810A1-B372-4BF8-8BF5-51F8668DE40B}"
EndProject
Project("{9A19103F-16F7-4668-BE54-9A1E7A4F7556}") = "Inheritance", "Inheritance\Inheritance.csproj", "{F771114A-1385-4386-AD6C-72C4F7FE5C6F}"
EndProject
Project("{9A19103F-16F7-4668-BE54-9A1E7A4F7556}") = "Abstraction", "Abstraction\Abstraction.csproj", "{F348899A-7707-467E-9311-6A1702FF3896}"
EndProject
Project("{9A19103F-16F7-4668-BE54-9A1E7A4F7556}") = "SingleResponsibilityPrinciple", "SingleResponsibilityPrinciple\SingleResponsibilityPrinciple.csproj", "{087AC9FF-3E82-44AA-BE36-5D99230B0058}"
EndProject
Project("{FAE04EC0-301F-11D3-BF4B-00C04F79EFBC}") = "OpenClosedPrincipal", "OpenClosePrincipal\OpenClosedPrincipal.csproj", "{F4A479F1-5C7D-406A-A302-B7E0253F0BE3}"
EndProject
Global
	GlobalSection(SolutionConfigurationPlatforms) = preSolution
		Debug|Any CPU = Debug|Any CPU
		Release|Any CPU = Release|Any CPU
	EndGlobalSection
	GlobalSection(ProjectConfigurationPlatforms) = postSolution
		{C2D111F2-9BC5-4EFC-A4BF-5124DA1F9AEF}.Debug|Any CPU.ActiveCfg = Debug|Any CPU
		{C2D111F2-9BC5-4EFC-A4BF-5124DA1F9AEF}.Debug|Any CPU.Build.0 = Debug|Any CPU
		{C2D111F2-9BC5-4EFC-A4BF-5124DA1F9AEF}.Release|Any CPU.ActiveCfg = Release|Any CPU
		{C2D111F2-9BC5-4EFC-A4BF-5124DA1F9AEF}.Release|Any CPU.Build.0 = Release|Any CPU
		{9BB6E445-56A4-42AB-82D8-BE1F59989757}.Debug|Any CPU.ActiveCfg = Debug|Any CPU
		{9BB6E445-56A4-42AB-82D8-BE1F59989757}.Debug|Any CPU.Build.0 = Debug|Any CPU
		{9BB6E445-56A4-42AB-82D8-BE1F59989757}.Release|Any CPU.ActiveCfg = Release|Any CPU
		{9BB6E445-56A4-42AB-82D8-BE1F59989757}.Release|Any CPU.Build.0 = Release|Any CPU
		{4B2810A1-B372-4BF8-8BF5-51F8668DE40B}.Debug|Any CPU.ActiveCfg = Debug|Any CPU
		{4B2810A1-B372-4BF8-8BF5-51F8668DE40B}.Debug|Any CPU.Build.0 = Debug|Any CPU
		{4B2810A1-B372-4BF8-8BF5-51F8668DE40B}.Release|Any CPU.ActiveCfg = Release|Any CPU
		{4B2810A1-B372-4BF8-8BF5-51F8668DE40B}.Release|Any CPU.Build.0 = Release|Any CPU
		{F771114A-1385-4386-AD6C-72C4F7FE5C6F}.Debug|Any CPU.ActiveCfg = Debug|Any CPU
		{F771114A-1385-4386-AD6C-72C4F7FE5C6F}.Debug|Any CPU.Build.0 = Debug|Any CPU
		{F771114A-1385-4386-AD6C-72C4F7FE5C6F}.Release|Any CPU.ActiveCfg = Release|Any CPU
		{F771114A-1385-4386-AD6C-72C4F7FE5C6F}.Release|Any CPU.Build.0 = Release|Any CPU
		{F348899A-7707-467E-9311-6A1702FF3896}.Debug|Any CPU.ActiveCfg = Debug|Any CPU
		{F348899A-7707-467E-9311-6A1702FF3896}.Debug|Any CPU.Build.0 = Debug|Any CPU
		{F348899A-7707-467E-9311-6A1702FF3896}.Release|Any CPU.ActiveCfg = Release|Any CPU
		{F348899A-7707-467E-9311-6A1702FF3896}.Release|Any CPU.Build.0 = Release|Any CPU
		{087AC9FF-3E82-44AA-BE36-5D99230B0058}.Debug|Any CPU.ActiveCfg = Debug|Any CPU
		{087AC9FF-3E82-44AA-BE36-5D99230B0058}.Debug|Any CPU.Build.0 = Debug|Any CPU
		{087AC9FF-3E82-44AA-BE36-5D99230B0058}.Release|Any CPU.ActiveCfg = Release|Any CPU
		{087AC9FF-3E82-44AA-BE36-5D99230B0058}.Release|Any CPU.Build.0 = Release|Any CPU
		{F4A479F1-5C7D-406A-A302-B7E0253F0BE3}.Debug|Any CPU.ActiveCfg = Debug|Any CPU
		{F4A479F1-5C7D-406A-A302-B7E0253F0BE3}.Debug|Any CPU.Build.0 = Debug|Any CPU
		{F4A479F1-5C7D-406A-A302-B7E0253F0BE3}.Release|Any CPU.ActiveCfg = Release|Any CPU
		{F4A479F1-5C7D-406A-A302-B7E0253F0BE3}.Release|Any CPU.Build.0 = Release|Any CPU
	EndGlobalSection
	GlobalSection(SolutionProperties) = preSolution
		HideSolutionNode = FALSE
	EndGlobalSection
	GlobalSection(ExtensibilityGlobals) = postSolution
		SolutionGuid = {8185A77F-241C-4CF0-9662-170843B455F6}
	EndGlobalSection
EndGlobal
