
Microsoft Visual Studio Solution File, Format Version 12.00
# Visual Studio Version 16
VisualStudioVersion = 16.0.30907.101
MinimumVisualStudioVersion = 10.0.40219.1
Project("{9A19103F-16F7-4668-BE54-9A1E7A4F7556}") = "Polymorphism", "Polymorphism\Polymorphism.csproj", "{C2D111F2-9BC5-4EFC-A4BF-5124DA1F9AEF}"
EndProject
Project("{9A19103F-16F7-4668-BE54-9A1E7A4F7556}") = "Tests", "Tests\Tests.csproj", "{9BB6E445-56A4-42AB-82D8-BE1F59989757}"
EndProject
Global
	GlobalSection(SolutionConfigurationPlatforms) = preSolution
		Debug|Any CPU = Debug|Any CPU
		Release|Any CPU = Release|Any CPU
	EndGlobalSection
	GlobalSection(ProjectConfigurationPlatforms) = postSolution
		{C2D111F2-9BC5-4EFC-A4BF-5124DA1F9AEF}.Debug|Any CPU.ActiveCfg = Debug|Any CPU
		{C2D111F2-9BC5-4EFC-A4BF-5124DA1F9AEF}.Debug|Any CPU.Build.0 = Debug|Any CPU
		{C2D111F2-9BC5-4EFC-A4BF-5124DA1F9AEF}.Release|Any CPU.ActiveCfg = Release|Any CPU
		{C2D111F2-9BC5-4EFC-A4BF-5124DA1F9AEF}.Release|Any CPU.Build.0 = Release|Any CPU
		{9BB6E445-56A4-42AB-82D8-BE1F59989757}.Debug|Any CPU.ActiveCfg = Debug|Any CPU
		{9BB6E445-56A4-42AB-82D8-BE1F59989757}.Debug|Any CPU.Build.0 = Debug|Any CPU
		{9BB6E445-56A4-42AB-82D8-BE1F59989757}.Release|Any CPU.ActiveCfg = Release|Any CPU
		{9BB6E445-56A4-42AB-82D8-BE1F59989757}.Release|Any CPU.Build.0 = Release|Any CPU
	EndGlobalSection
	GlobalSection(SolutionProperties) = preSolution
		HideSolutionNode = FALSE
	EndGlobalSection
	GlobalSection(ExtensibilityGlobals) = postSolution
		SolutionGuid = {8185A77F-241C-4CF0-9662-170843B455F6}
	EndGlobalSection
EndGlobal
